
Microsoft Visual Studio Solution File, Format Version 12.00
# Visual Studio Version 16
VisualStudioVersion = 16.0.30907.101
MinimumVisualStudioVersion = 10.0.40219.1
Project("{FAE04EC0-301F-11D3-BF4B-00C04F79EFBC}") = "jryf", "jryf\jryf.csproj", "{0FC5C3A4-4435-4136-8063-1030075E3288}"
EndProject
Global
	GlobalSection(SolutionConfigurationPlatforms) = preSolution
		Debug|Any CPU = Debug|Any CPU
		Release|Any CPU = Release|Any CPU
	EndGlobalSection
	GlobalSection(ProjectConfigurationPlatforms) = postSolution
		{0FC5C3A4-4435-4136-8063-1030075E3288}.Debug|Any CPU.ActiveCfg = Debug|Any CPU
		{0FC5C3A4-4435-4136-8063-1030075E3288}.Debug|Any CPU.Build.0 = Debug|Any CPU
		{0FC5C3A4-4435-4136-8063-1030075E3288}.Release|Any CPU.ActiveCfg = Release|Any CPU
		{0FC5C3A4-4435-4136-8063-1030075E3288}.Release|Any CPU.Build.0 = Release|Any CPU
	EndGlobalSection
	GlobalSection(SolutionProperties) = preSolution
		HideSolutionNode = FALSE
	EndGlobalSection
	GlobalSection(ExtensibilityGlobals) = postSolution
		SolutionGuid = {E9F54801-0AD3-49E2-9834-21F9F7505B95}
	EndGlobalSection
EndGlobal
